
Microsoft Visual Studio Solution File, Format Version 12.00
# Visual Studio Version 17
VisualStudioVersion = 17.0.31903.59
MinimumVisualStudioVersion = 10.0.40219.1
Project("{FAE04EC0-301F-11D3-BF4B-00C04F79EFBC}") = "TestCommon", "..\TestCommon\TestCommon.csproj", "{842B27A2-2B12-4132-A005-0DD4D0453787}"
EndProject
Project("{FAE04EC0-301F-11D3-BF4B-00C04F79EFBC}") = "A9", "A9\A9.csproj", "{00377710-B162-47CB-9886-BDDE7B44D5C6}"
EndProject
Project("{FAE04EC0-301F-11D3-BF4B-00C04F79EFBC}") = "A9.Tests", "A9.Tests\A9.Tests.csproj", "{344D9BF9-78CD-4894-BCFD-54B8ED26104A}"
EndProject
Global
	GlobalSection(SolutionConfigurationPlatforms) = preSolution
		Debug|Any CPU = Debug|Any CPU
		Release|Any CPU = Release|Any CPU
	EndGlobalSection
	GlobalSection(SolutionProperties) = preSolution
		HideSolutionNode = FALSE
	EndGlobalSection
	GlobalSection(ProjectConfigurationPlatforms) = postSolution
		{842B27A2-2B12-4132-A005-0DD4D0453787}.Debug|Any CPU.ActiveCfg = Debug|Any CPU
		{842B27A2-2B12-4132-A005-0DD4D0453787}.Debug|Any CPU.Build.0 = Debug|Any CPU
		{842B27A2-2B12-4132-A005-0DD4D0453787}.Release|Any CPU.ActiveCfg = Release|Any CPU
		{842B27A2-2B12-4132-A005-0DD4D0453787}.Release|Any CPU.Build.0 = Release|Any CPU
		{00377710-B162-47CB-9886-BDDE7B44D5C6}.Debug|Any CPU.ActiveCfg = Debug|Any CPU
		{00377710-B162-47CB-9886-BDDE7B44D5C6}.Debug|Any CPU.Build.0 = Debug|Any CPU
		{00377710-B162-47CB-9886-BDDE7B44D5C6}.Release|Any CPU.ActiveCfg = Release|Any CPU
		{00377710-B162-47CB-9886-BDDE7B44D5C6}.Release|Any CPU.Build.0 = Release|Any CPU
		{344D9BF9-78CD-4894-BCFD-54B8ED26104A}.Debug|Any CPU.ActiveCfg = Debug|Any CPU
		{344D9BF9-78CD-4894-BCFD-54B8ED26104A}.Debug|Any CPU.Build.0 = Debug|Any CPU
		{344D9BF9-78CD-4894-BCFD-54B8ED26104A}.Release|Any CPU.ActiveCfg = Release|Any CPU
		{344D9BF9-78CD-4894-BCFD-54B8ED26104A}.Release|Any CPU.Build.0 = Release|Any CPU
	EndGlobalSection
EndGlobal
